
Microsoft Visual Studio Solution File, Format Version 12.00
# Visual Studio Version 16
VisualStudioVersion = 16.0.29215.179
MinimumVisualStudioVersion = 10.0.40219.1
Project("{9A19103F-16F7-4668-BE54-9A1E7A4F7556}") = "DataModels", "DataModels\DataModels.csproj", "{3C097B5F-1DA1-4722-A00E-BBE7846BF690}"
EndProject
Project("{FAE04EC0-301F-11D3-BF4B-00C04F79EFBC}") = "DataAccess", "DataAccess\DataAccess.csproj", "{8B9C3D68-4B6C-4936-B0C3-2F39BD537551}"
EndProject
Project("{FAE04EC0-301F-11D3-BF4B-00C04F79EFBC}") = "Services", "Services\Services.csproj", "{3C12B9A0-3827-4E08-9992-4EE3E72D64FD}"
EndProject
Project("{FAE04EC0-301F-11D3-BF4B-00C04F79EFBC}") = "Models", "Models\Models.csproj", "{D28DCB9D-732D-4C5E-876A-FE181E6442BD}"
EndProject
Project("{FAE04EC0-301F-11D3-BF4B-00C04F79EFBC}") = "WebAPI", "WebAPI\WebAPI.csproj", "{DA2E901B-AEC4-4821-B8FB-84F2A8BF0CD1}"
EndProject
Global
	GlobalSection(SolutionConfigurationPlatforms) = preSolution
		Debug|Any CPU = Debug|Any CPU
		Release|Any CPU = Release|Any CPU
	EndGlobalSection
	GlobalSection(ProjectConfigurationPlatforms) = postSolution
		{3C097B5F-1DA1-4722-A00E-BBE7846BF690}.Debug|Any CPU.ActiveCfg = Debug|Any CPU
		{3C097B5F-1DA1-4722-A00E-BBE7846BF690}.Debug|Any CPU.Build.0 = Debug|Any CPU
		{3C097B5F-1DA1-4722-A00E-BBE7846BF690}.Release|Any CPU.ActiveCfg = Release|Any CPU
		{3C097B5F-1DA1-4722-A00E-BBE7846BF690}.Release|Any CPU.Build.0 = Release|Any CPU
		{8B9C3D68-4B6C-4936-B0C3-2F39BD537551}.Debug|Any CPU.ActiveCfg = Debug|Any CPU
		{8B9C3D68-4B6C-4936-B0C3-2F39BD537551}.Debug|Any CPU.Build.0 = Debug|Any CPU
		{8B9C3D68-4B6C-4936-B0C3-2F39BD537551}.Release|Any CPU.ActiveCfg = Release|Any CPU
		{8B9C3D68-4B6C-4936-B0C3-2F39BD537551}.Release|Any CPU.Build.0 = Release|Any CPU
		{3C12B9A0-3827-4E08-9992-4EE3E72D64FD}.Debug|Any CPU.ActiveCfg = Debug|Any CPU
		{3C12B9A0-3827-4E08-9992-4EE3E72D64FD}.Debug|Any CPU.Build.0 = Debug|Any CPU
		{3C12B9A0-3827-4E08-9992-4EE3E72D64FD}.Release|Any CPU.ActiveCfg = Release|Any CPU
		{3C12B9A0-3827-4E08-9992-4EE3E72D64FD}.Release|Any CPU.Build.0 = Release|Any CPU
		{D28DCB9D-732D-4C5E-876A-FE181E6442BD}.Debug|Any CPU.ActiveCfg = Debug|Any CPU
		{D28DCB9D-732D-4C5E-876A-FE181E6442BD}.Debug|Any CPU.Build.0 = Debug|Any CPU
		{D28DCB9D-732D-4C5E-876A-FE181E6442BD}.Release|Any CPU.ActiveCfg = Release|Any CPU
		{D28DCB9D-732D-4C5E-876A-FE181E6442BD}.Release|Any CPU.Build.0 = Release|Any CPU
		{DA2E901B-AEC4-4821-B8FB-84F2A8BF0CD1}.Debug|Any CPU.ActiveCfg = Debug|Any CPU
		{DA2E901B-AEC4-4821-B8FB-84F2A8BF0CD1}.Debug|Any CPU.Build.0 = Debug|Any CPU
		{DA2E901B-AEC4-4821-B8FB-84F2A8BF0CD1}.Release|Any CPU.ActiveCfg = Release|Any CPU
		{DA2E901B-AEC4-4821-B8FB-84F2A8BF0CD1}.Release|Any CPU.Build.0 = Release|Any CPU
	EndGlobalSection
	GlobalSection(SolutionProperties) = preSolution
		HideSolutionNode = FALSE
	EndGlobalSection
	GlobalSection(ExtensibilityGlobals) = postSolution
		SolutionGuid = {06E4F366-8117-4E29-86D4-0E9349224FA8}
	EndGlobalSection
EndGlobal
