
Microsoft Visual Studio Solution File, Format Version 12.00
# Visual Studio Version 16
VisualStudioVersion = 16.0.28803.202
MinimumVisualStudioVersion = 10.0.40219.1
Project("{FAE04EC0-301F-11D3-BF4B-00C04F79EFBC}") = "e-Shop", "e-Shop\e-Shop.csproj", "{88F2F658-479B-480D-9DC2-BEDC88999726}"
EndProject
Project("{FAE04EC0-301F-11D3-BF4B-00C04F79EFBC}") = "ClassLibrary1", "ClassLibrary2\ClassLibrary1.csproj", "{3D575275-0D2C-43EE-B219-51F1876DE0B3}"
EndProject
Global
	GlobalSection(SolutionConfigurationPlatforms) = preSolution
		Debug|Any CPU = Debug|Any CPU
		Release|Any CPU = Release|Any CPU
	EndGlobalSection
	GlobalSection(ProjectConfigurationPlatforms) = postSolution
		{88F2F658-479B-480D-9DC2-BEDC88999726}.Debug|Any CPU.ActiveCfg = Debug|Any CPU
		{88F2F658-479B-480D-9DC2-BEDC88999726}.Debug|Any CPU.Build.0 = Debug|Any CPU
		{88F2F658-479B-480D-9DC2-BEDC88999726}.Release|Any CPU.ActiveCfg = Release|Any CPU
		{88F2F658-479B-480D-9DC2-BEDC88999726}.Release|Any CPU.Build.0 = Release|Any CPU
		{3D575275-0D2C-43EE-B219-51F1876DE0B3}.Debug|Any CPU.ActiveCfg = Debug|Any CPU
		{3D575275-0D2C-43EE-B219-51F1876DE0B3}.Debug|Any CPU.Build.0 = Debug|Any CPU
		{3D575275-0D2C-43EE-B219-51F1876DE0B3}.Release|Any CPU.ActiveCfg = Release|Any CPU
		{3D575275-0D2C-43EE-B219-51F1876DE0B3}.Release|Any CPU.Build.0 = Release|Any CPU
	EndGlobalSection
	GlobalSection(SolutionProperties) = preSolution
		HideSolutionNode = FALSE
	EndGlobalSection
	GlobalSection(ExtensibilityGlobals) = postSolution
		SolutionGuid = {1B8BE4FB-522C-4B78-BE53-D30450633E58}
	EndGlobalSection
EndGlobal
